
Microsoft Visual Studio Solution File, Format Version 12.00
# Visual Studio Version 16
VisualStudioVersion = 16.0.30517.126
MinimumVisualStudioVersion = 10.0.40219.1
Project("{9A19103F-16F7-4668-BE54-9A1E7A4F7556}") = "API", "API.csproj", "{C9F2B44D-FA04-44A7-A782-952F27279AE2}"
EndProject
Project("{9A19103F-16F7-4668-BE54-9A1E7A4F7556}") = "Service", "..\Service\Service.csproj", "{46D471F2-97DC-491A-8F8C-B02644953CEB}"
EndProject
Project("{9A19103F-16F7-4668-BE54-9A1E7A4F7556}") = "Model", "..\Model\Model.csproj", "{3BB547B0-F349-4DEC-A788-EE64F6CFE172}"
EndProject
Project("{FAE04EC0-301F-11D3-BF4B-00C04F79EFBC}") = "Repository", "..\Repository\Repository.csproj", "{951C9EAA-5785-4AE7-8B75-00CC25EA214E}"
EndProject
Global
	GlobalSection(SolutionConfigurationPlatforms) = preSolution
		Debug|Any CPU = Debug|Any CPU
		Release|Any CPU = Release|Any CPU
	EndGlobalSection
	GlobalSection(ProjectConfigurationPlatforms) = postSolution
		{C9F2B44D-FA04-44A7-A782-952F27279AE2}.Debug|Any CPU.ActiveCfg = Debug|Any CPU
		{C9F2B44D-FA04-44A7-A782-952F27279AE2}.Debug|Any CPU.Build.0 = Debug|Any CPU
		{C9F2B44D-FA04-44A7-A782-952F27279AE2}.Release|Any CPU.ActiveCfg = Release|Any CPU
		{C9F2B44D-FA04-44A7-A782-952F27279AE2}.Release|Any CPU.Build.0 = Release|Any CPU
		{46D471F2-97DC-491A-8F8C-B02644953CEB}.Debug|Any CPU.ActiveCfg = Debug|Any CPU
		{46D471F2-97DC-491A-8F8C-B02644953CEB}.Debug|Any CPU.Build.0 = Debug|Any CPU
		{46D471F2-97DC-491A-8F8C-B02644953CEB}.Release|Any CPU.ActiveCfg = Release|Any CPU
		{46D471F2-97DC-491A-8F8C-B02644953CEB}.Release|Any CPU.Build.0 = Release|Any CPU
		{3BB547B0-F349-4DEC-A788-EE64F6CFE172}.Debug|Any CPU.ActiveCfg = Debug|Any CPU
		{3BB547B0-F349-4DEC-A788-EE64F6CFE172}.Debug|Any CPU.Build.0 = Debug|Any CPU
		{3BB547B0-F349-4DEC-A788-EE64F6CFE172}.Release|Any CPU.ActiveCfg = Release|Any CPU
		{3BB547B0-F349-4DEC-A788-EE64F6CFE172}.Release|Any CPU.Build.0 = Release|Any CPU
		{951C9EAA-5785-4AE7-8B75-00CC25EA214E}.Debug|Any CPU.ActiveCfg = Debug|Any CPU
		{951C9EAA-5785-4AE7-8B75-00CC25EA214E}.Debug|Any CPU.Build.0 = Debug|Any CPU
		{951C9EAA-5785-4AE7-8B75-00CC25EA214E}.Release|Any CPU.ActiveCfg = Release|Any CPU
		{951C9EAA-5785-4AE7-8B75-00CC25EA214E}.Release|Any CPU.Build.0 = Release|Any CPU
	EndGlobalSection
	GlobalSection(SolutionProperties) = preSolution
		HideSolutionNode = FALSE
	EndGlobalSection
	GlobalSection(ExtensibilityGlobals) = postSolution
		SolutionGuid = {4820AFE7-43E4-4E91-8F63-4DFD6597BB9F}
	EndGlobalSection
EndGlobal
